
Microsoft Visual Studio Solution File, Format Version 12.00
# Visual Studio Version 17
VisualStudioVersion = 17.4.33205.214
MinimumVisualStudioVersion = 10.0.40219.1
Project("{9A19103F-16F7-4668-BE54-9A1E7A4F7556}") = "Hospital.Web", "Hospital.Web\Hospital.Web.csproj", "{46511E52-E46F-4AAC-8033-053FF8900A72}"
EndProject
Project("{9A19103F-16F7-4668-BE54-9A1E7A4F7556}") = "Hospital.Models", "Hospital.Models\Hospital.Models.csproj", "{8EA5518B-1054-4126-A24D-80E549BADFFC}"
EndProject
Project("{9A19103F-16F7-4668-BE54-9A1E7A4F7556}") = "Hospital.ViewModels", "Hospital.ViewModels\Hospital.ViewModels.csproj", "{A0EDD351-FBE9-47FF-B3E1-3926D29AE64B}"
EndProject
Project("{9A19103F-16F7-4668-BE54-9A1E7A4F7556}") = "Hospital.Utilities", "Hospital.Utilities\Hospital.Utilities.csproj", "{E1694E72-349F-4828-BC6E-DE09EF5B8143}"
EndProject
Project("{9A19103F-16F7-4668-BE54-9A1E7A4F7556}") = "Repo", "Repo\Repo.csproj", "{F7C29661-6D5F-4FB2-BF6C-515B774BD0E2}"
EndProject
Project("{9A19103F-16F7-4668-BE54-9A1E7A4F7556}") = "Hospital.Service", "Hospital.Service\Hospital.Service.csproj", "{81C44228-8E04-4BA8-9FD3-D0E20440FA72}"
EndProject
Global
	GlobalSection(SolutionConfigurationPlatforms) = preSolution
		Debug|Any CPU = Debug|Any CPU
		Release|Any CPU = Release|Any CPU
	EndGlobalSection
	GlobalSection(ProjectConfigurationPlatforms) = postSolution
		{46511E52-E46F-4AAC-8033-053FF8900A72}.Debug|Any CPU.ActiveCfg = Debug|Any CPU
		{46511E52-E46F-4AAC-8033-053FF8900A72}.Debug|Any CPU.Build.0 = Debug|Any CPU
		{46511E52-E46F-4AAC-8033-053FF8900A72}.Release|Any CPU.ActiveCfg = Release|Any CPU
		{46511E52-E46F-4AAC-8033-053FF8900A72}.Release|Any CPU.Build.0 = Release|Any CPU
		{8EA5518B-1054-4126-A24D-80E549BADFFC}.Debug|Any CPU.ActiveCfg = Debug|Any CPU
		{8EA5518B-1054-4126-A24D-80E549BADFFC}.Debug|Any CPU.Build.0 = Debug|Any CPU
		{8EA5518B-1054-4126-A24D-80E549BADFFC}.Release|Any CPU.ActiveCfg = Release|Any CPU
		{8EA5518B-1054-4126-A24D-80E549BADFFC}.Release|Any CPU.Build.0 = Release|Any CPU
		{A0EDD351-FBE9-47FF-B3E1-3926D29AE64B}.Debug|Any CPU.ActiveCfg = Debug|Any CPU
		{A0EDD351-FBE9-47FF-B3E1-3926D29AE64B}.Debug|Any CPU.Build.0 = Debug|Any CPU
		{A0EDD351-FBE9-47FF-B3E1-3926D29AE64B}.Release|Any CPU.ActiveCfg = Release|Any CPU
		{A0EDD351-FBE9-47FF-B3E1-3926D29AE64B}.Release|Any CPU.Build.0 = Release|Any CPU
		{E1694E72-349F-4828-BC6E-DE09EF5B8143}.Debug|Any CPU.ActiveCfg = Debug|Any CPU
		{E1694E72-349F-4828-BC6E-DE09EF5B8143}.Debug|Any CPU.Build.0 = Debug|Any CPU
		{E1694E72-349F-4828-BC6E-DE09EF5B8143}.Release|Any CPU.ActiveCfg = Release|Any CPU
		{E1694E72-349F-4828-BC6E-DE09EF5B8143}.Release|Any CPU.Build.0 = Release|Any CPU
		{F7C29661-6D5F-4FB2-BF6C-515B774BD0E2}.Debug|Any CPU.ActiveCfg = Debug|Any CPU
		{F7C29661-6D5F-4FB2-BF6C-515B774BD0E2}.Debug|Any CPU.Build.0 = Debug|Any CPU
		{F7C29661-6D5F-4FB2-BF6C-515B774BD0E2}.Release|Any CPU.ActiveCfg = Release|Any CPU
		{F7C29661-6D5F-4FB2-BF6C-515B774BD0E2}.Release|Any CPU.Build.0 = Release|Any CPU
		{81C44228-8E04-4BA8-9FD3-D0E20440FA72}.Debug|Any CPU.ActiveCfg = Debug|Any CPU
		{81C44228-8E04-4BA8-9FD3-D0E20440FA72}.Debug|Any CPU.Build.0 = Debug|Any CPU
		{81C44228-8E04-4BA8-9FD3-D0E20440FA72}.Release|Any CPU.ActiveCfg = Release|Any CPU
		{81C44228-8E04-4BA8-9FD3-D0E20440FA72}.Release|Any CPU.Build.0 = Release|Any CPU
	EndGlobalSection
	GlobalSection(SolutionProperties) = preSolution
		HideSolutionNode = FALSE
	EndGlobalSection
	GlobalSection(ExtensibilityGlobals) = postSolution
		SolutionGuid = {43F9EE6A-EBDD-4918-A08E-315B704D5555}
	EndGlobalSection
EndGlobal
